
Microsoft Visual Studio Solution File, Format Version 12.00
# Visual Studio Version 17
VisualStudioVersion = 17.0.32014.148
MinimumVisualStudioVersion = 10.0.40219.1
Project("{FAE04EC0-301F-11D3-BF4B-00C04F79EFBC}") = "SchoolTracker", "SchoolTracker.csproj", "{7FB07CF4-EBC0-45D8-8E02-4DAD9540C49B}"
EndProject
Global
	GlobalSection(SolutionConfigurationPlatforms) = preSolution
		Debug|Any CPU = Debug|Any CPU
		Release|Any CPU = Release|Any CPU
	EndGlobalSection
	GlobalSection(ProjectConfigurationPlatforms) = postSolution
		{7FB07CF4-EBC0-45D8-8E02-4DAD9540C49B}.Debug|Any CPU.ActiveCfg = Debug|Any CPU
		{7FB07CF4-EBC0-45D8-8E02-4DAD9540C49B}.Debug|Any CPU.Build.0 = Debug|Any CPU
		{7FB07CF4-EBC0-45D8-8E02-4DAD9540C49B}.Release|Any CPU.ActiveCfg = Release|Any CPU
		{7FB07CF4-EBC0-45D8-8E02-4DAD9540C49B}.Release|Any CPU.Build.0 = Release|Any CPU
	EndGlobalSection
	GlobalSection(SolutionProperties) = preSolution
		HideSolutionNode = FALSE
	EndGlobalSection
	GlobalSection(ExtensibilityGlobals) = postSolution
		SolutionGuid = {9628BAD7-8DF4-48AA-9C1E-87F6CEAEB1C0}
	EndGlobalSection
EndGlobal
